
Microsoft Visual Studio Solution File, Format Version 12.00
# Visual Studio Version 16
VisualStudioVersion = 16.0.29509.3
MinimumVisualStudioVersion = 10.0.40219.1
Project("{FAE04EC0-301F-11D3-BF4B-00C04F79EFBC}") = "ATSQuadroStrategyBase.GUI", "ATSQuadroStrategyBase.GUI.csproj", "{86024654-953D-4670-8B7D-5B0257F75ACF}"
EndProject
Global
	GlobalSection(SolutionConfigurationPlatforms) = preSolution
		Debug|Any CPU = Debug|Any CPU
		Release|Any CPU = Release|Any CPU
	EndGlobalSection
	GlobalSection(ProjectConfigurationPlatforms) = postSolution
		{86024654-953D-4670-8B7D-5B0257F75ACF}.Debug|Any CPU.ActiveCfg = Debug|Any CPU
		{86024654-953D-4670-8B7D-5B0257F75ACF}.Debug|Any CPU.Build.0 = Debug|Any CPU
		{86024654-953D-4670-8B7D-5B0257F75ACF}.Release|Any CPU.ActiveCfg = Release|Any CPU
		{86024654-953D-4670-8B7D-5B0257F75ACF}.Release|Any CPU.Build.0 = Release|Any CPU
	EndGlobalSection
	GlobalSection(SolutionProperties) = preSolution
		HideSolutionNode = FALSE
	EndGlobalSection
	GlobalSection(ExtensibilityGlobals) = postSolution
		SolutionGuid = {75B41865-0B3D-4617-96BD-32949F2279FF}
	EndGlobalSection
EndGlobal
